
Microsoft Visual Studio Solution File, Format Version 12.00
# Visual Studio 15
VisualStudioVersion = 15.0.28307.168
MinimumVisualStudioVersion = 10.0.40219.1
Project("{FAE04EC0-301F-11D3-BF4B-00C04F79EFBC}") = "Blog", "Blog\Blog.csproj", "{0AC7753C-17E3-4EAD-B46C-FB7F7FC79EA4}"
EndProject
Global
	GlobalSection(SolutionConfigurationPlatforms) = preSolution
		Debug|Any CPU = Debug|Any CPU
		Release|Any CPU = Release|Any CPU
	EndGlobalSection
	GlobalSection(ProjectConfigurationPlatforms) = postSolution
		{0AC7753C-17E3-4EAD-B46C-FB7F7FC79EA4}.Debug|Any CPU.ActiveCfg = Debug|Any CPU
		{0AC7753C-17E3-4EAD-B46C-FB7F7FC79EA4}.Debug|Any CPU.Build.0 = Debug|Any CPU
		{0AC7753C-17E3-4EAD-B46C-FB7F7FC79EA4}.Release|Any CPU.ActiveCfg = Release|Any CPU
		{0AC7753C-17E3-4EAD-B46C-FB7F7FC79EA4}.Release|Any CPU.Build.0 = Release|Any CPU
	EndGlobalSection
	GlobalSection(SolutionProperties) = preSolution
		HideSolutionNode = FALSE
	EndGlobalSection
	GlobalSection(ExtensibilityGlobals) = postSolution
		SolutionGuid = {35A0633F-D7E6-4B41-ADF9-DAD6F62F2376}
	EndGlobalSection
EndGlobal
